
Microsoft Visual Studio Solution File, Format Version 12.00
# Visual Studio 2012
Project("{8BC9CEB8-8B4A-11D0-8D11-00A0C91BC942}") = "ClrHost", "ClrHost.vcxproj", "{A588D633-9E7F-490C-8F64-87DDC22B4F32}"
EndProject
Global
	GlobalSection(SolutionConfigurationPlatforms) = preSolution
		Debug|Win32 = Debug|Win32
		Release|Win32 = Release|Win32
	EndGlobalSection
	GlobalSection(ProjectConfigurationPlatforms) = postSolution
		{A588D633-9E7F-490C-8F64-87DDC22B4F32}.Debug|Win32.ActiveCfg = Debug|Win32
		{A588D633-9E7F-490C-8F64-87DDC22B4F32}.Debug|Win32.Build.0 = Debug|Win32
		{A588D633-9E7F-490C-8F64-87DDC22B4F32}.Release|Win32.ActiveCfg = Release|Win32
		{A588D633-9E7F-490C-8F64-87DDC22B4F32}.Release|Win32.Build.0 = Release|Win32
	EndGlobalSection
	GlobalSection(SolutionProperties) = preSolution
		HideSolutionNode = FALSE
	EndGlobalSection
EndGlobal
